
Microsoft Visual Studio Solution File, Format Version 12.00
# Visual Studio Version 17
VisualStudioVersion = 17.1.32210.238
MinimumVisualStudioVersion = 10.0.40219.1
Project("{FAE04EC0-301F-11D3-BF4B-00C04F79EFBC}") = "Pokedex.Android", "Pokedex\Pokedex.Android\Pokedex.Android.csproj", "{29EF9C47-23F4-42D4-BC6E-1662DFDEF04C}"
EndProject
Project("{FAE04EC0-301F-11D3-BF4B-00C04F79EFBC}") = "Pokedex.iOS", "Pokedex\Pokedex.iOS\Pokedex.iOS.csproj", "{8B378844-F7A2-4A84-8044-2B66C35A270A}"
EndProject
Project("{FAE04EC0-301F-11D3-BF4B-00C04F79EFBC}") = "Pokedex", "Pokedex\Pokedex\Pokedex.csproj", "{07B98A70-B1AD-441F-A3AE-2AAA3E3D29D5}"
EndProject
Global
	GlobalSection(SolutionConfigurationPlatforms) = preSolution
		Debug|Any CPU = Debug|Any CPU
		Debug|iPhone = Debug|iPhone
		Debug|iPhoneSimulator = Debug|iPhoneSimulator
		Release|Any CPU = Release|Any CPU
		Release|iPhone = Release|iPhone
		Release|iPhoneSimulator = Release|iPhoneSimulator
	EndGlobalSection
	GlobalSection(ProjectConfigurationPlatforms) = postSolution
		{29EF9C47-23F4-42D4-BC6E-1662DFDEF04C}.Debug|Any CPU.ActiveCfg = Debug|Any CPU
		{29EF9C47-23F4-42D4-BC6E-1662DFDEF04C}.Debug|Any CPU.Build.0 = Debug|Any CPU
		{29EF9C47-23F4-42D4-BC6E-1662DFDEF04C}.Debug|Any CPU.Deploy.0 = Debug|Any CPU
		{29EF9C47-23F4-42D4-BC6E-1662DFDEF04C}.Debug|iPhone.ActiveCfg = Debug|Any CPU
		{29EF9C47-23F4-42D4-BC6E-1662DFDEF04C}.Debug|iPhone.Build.0 = Debug|Any CPU
		{29EF9C47-23F4-42D4-BC6E-1662DFDEF04C}.Debug|iPhone.Deploy.0 = Debug|Any CPU
		{29EF9C47-23F4-42D4-BC6E-1662DFDEF04C}.Debug|iPhoneSimulator.ActiveCfg = Debug|Any CPU
		{29EF9C47-23F4-42D4-BC6E-1662DFDEF04C}.Debug|iPhoneSimulator.Build.0 = Debug|Any CPU
		{29EF9C47-23F4-42D4-BC6E-1662DFDEF04C}.Debug|iPhoneSimulator.Deploy.0 = Debug|Any CPU
		{29EF9C47-23F4-42D4-BC6E-1662DFDEF04C}.Release|Any CPU.ActiveCfg = Release|Any CPU
		{29EF9C47-23F4-42D4-BC6E-1662DFDEF04C}.Release|Any CPU.Build.0 = Release|Any CPU
		{29EF9C47-23F4-42D4-BC6E-1662DFDEF04C}.Release|Any CPU.Deploy.0 = Release|Any CPU
		{29EF9C47-23F4-42D4-BC6E-1662DFDEF04C}.Release|iPhone.ActiveCfg = Release|Any CPU
		{29EF9C47-23F4-42D4-BC6E-1662DFDEF04C}.Release|iPhone.Build.0 = Release|Any CPU
		{29EF9C47-23F4-42D4-BC6E-1662DFDEF04C}.Release|iPhone.Deploy.0 = Release|Any CPU
		{29EF9C47-23F4-42D4-BC6E-1662DFDEF04C}.Release|iPhoneSimulator.ActiveCfg = Release|Any CPU
		{29EF9C47-23F4-42D4-BC6E-1662DFDEF04C}.Release|iPhoneSimulator.Build.0 = Release|Any CPU
		{29EF9C47-23F4-42D4-BC6E-1662DFDEF04C}.Release|iPhoneSimulator.Deploy.0 = Release|Any CPU
		{8B378844-F7A2-4A84-8044-2B66C35A270A}.Debug|Any CPU.ActiveCfg = Debug|iPhone
		{8B378844-F7A2-4A84-8044-2B66C35A270A}.Debug|Any CPU.Build.0 = Debug|iPhone
		{8B378844-F7A2-4A84-8044-2B66C35A270A}.Debug|Any CPU.Deploy.0 = Debug|iPhone
		{8B378844-F7A2-4A84-8044-2B66C35A270A}.Debug|iPhone.ActiveCfg = Debug|iPhone
		{8B378844-F7A2-4A84-8044-2B66C35A270A}.Debug|iPhone.Build.0 = Debug|iPhone
		{8B378844-F7A2-4A84-8044-2B66C35A270A}.Debug|iPhone.Deploy.0 = Debug|iPhone
		{8B378844-F7A2-4A84-8044-2B66C35A270A}.Debug|iPhoneSimulator.ActiveCfg = Debug|iPhoneSimulator
		{8B378844-F7A2-4A84-8044-2B66C35A270A}.Debug|iPhoneSimulator.Build.0 = Debug|iPhoneSimulator
		{8B378844-F7A2-4A84-8044-2B66C35A270A}.Debug|iPhoneSimulator.Deploy.0 = Debug|iPhoneSimulator
		{8B378844-F7A2-4A84-8044-2B66C35A270A}.Release|Any CPU.ActiveCfg = Release|iPhoneSimulator
		{8B378844-F7A2-4A84-8044-2B66C35A270A}.Release|Any CPU.Build.0 = Release|iPhoneSimulator
		{8B378844-F7A2-4A84-8044-2B66C35A270A}.Release|Any CPU.Deploy.0 = Release|iPhoneSimulator
		{8B378844-F7A2-4A84-8044-2B66C35A270A}.Release|iPhone.ActiveCfg = Release|iPhone
		{8B378844-F7A2-4A84-8044-2B66C35A270A}.Release|iPhone.Build.0 = Release|iPhone
		{8B378844-F7A2-4A84-8044-2B66C35A270A}.Release|iPhone.Deploy.0 = Release|iPhone
		{8B378844-F7A2-4A84-8044-2B66C35A270A}.Release|iPhoneSimulator.ActiveCfg = Release|iPhoneSimulator
		{8B378844-F7A2-4A84-8044-2B66C35A270A}.Release|iPhoneSimulator.Build.0 = Release|iPhoneSimulator
		{8B378844-F7A2-4A84-8044-2B66C35A270A}.Release|iPhoneSimulator.Deploy.0 = Release|iPhoneSimulator
		{07B98A70-B1AD-441F-A3AE-2AAA3E3D29D5}.Debug|Any CPU.ActiveCfg = Debug|Any CPU
		{07B98A70-B1AD-441F-A3AE-2AAA3E3D29D5}.Debug|Any CPU.Build.0 = Debug|Any CPU
		{07B98A70-B1AD-441F-A3AE-2AAA3E3D29D5}.Debug|Any CPU.Deploy.0 = Debug|Any CPU
		{07B98A70-B1AD-441F-A3AE-2AAA3E3D29D5}.Debug|iPhone.ActiveCfg = Debug|Any CPU
		{07B98A70-B1AD-441F-A3AE-2AAA3E3D29D5}.Debug|iPhone.Build.0 = Debug|Any CPU
		{07B98A70-B1AD-441F-A3AE-2AAA3E3D29D5}.Debug|iPhone.Deploy.0 = Debug|Any CPU
		{07B98A70-B1AD-441F-A3AE-2AAA3E3D29D5}.Debug|iPhoneSimulator.ActiveCfg = Debug|Any CPU
		{07B98A70-B1AD-441F-A3AE-2AAA3E3D29D5}.Debug|iPhoneSimulator.Build.0 = Debug|Any CPU
		{07B98A70-B1AD-441F-A3AE-2AAA3E3D29D5}.Debug|iPhoneSimulator.Deploy.0 = Debug|Any CPU
		{07B98A70-B1AD-441F-A3AE-2AAA3E3D29D5}.Release|Any CPU.ActiveCfg = Release|Any CPU
		{07B98A70-B1AD-441F-A3AE-2AAA3E3D29D5}.Release|Any CPU.Build.0 = Release|Any CPU
		{07B98A70-B1AD-441F-A3AE-2AAA3E3D29D5}.Release|Any CPU.Deploy.0 = Release|Any CPU
		{07B98A70-B1AD-441F-A3AE-2AAA3E3D29D5}.Release|iPhone.ActiveCfg = Release|Any CPU
		{07B98A70-B1AD-441F-A3AE-2AAA3E3D29D5}.Release|iPhone.Build.0 = Release|Any CPU
		{07B98A70-B1AD-441F-A3AE-2AAA3E3D29D5}.Release|iPhone.Deploy.0 = Release|Any CPU
		{07B98A70-B1AD-441F-A3AE-2AAA3E3D29D5}.Release|iPhoneSimulator.ActiveCfg = Release|Any CPU
		{07B98A70-B1AD-441F-A3AE-2AAA3E3D29D5}.Release|iPhoneSimulator.Build.0 = Release|Any CPU
		{07B98A70-B1AD-441F-A3AE-2AAA3E3D29D5}.Release|iPhoneSimulator.Deploy.0 = Release|Any CPU
	EndGlobalSection
	GlobalSection(SolutionProperties) = preSolution
		HideSolutionNode = FALSE
	EndGlobalSection
	GlobalSection(ExtensibilityGlobals) = postSolution
		SolutionGuid = {D02347F3-3233-4BDB-BC53-B265028822FC}
	EndGlobalSection
EndGlobal
